
Microsoft Visual Studio Solution File, Format Version 12.00
# Visual Studio Version 17
VisualStudioVersion = 17.12.35527.113 d17.12
MinimumVisualStudioVersion = 10.0.40219.1
Project("{FAE04EC0-301F-11D3-BF4B-00C04F79EFBC}") = "MergeSort_Algorithm", "MergeSort_Algorithm.csproj", "{EA91FE6A-56C4-4625-9F04-91491BF6E4C3}"
EndProject
Project("{FAE04EC0-301F-11D3-BF4B-00C04F79EFBC}") = "MergeSort_Algorithm.Tests", "..\MergeSort_Algorithm.Tests\MergeSort_Algorithm.Tests.csproj", "{1B08C557-D053-473A-9676-9B72114DFEA3}"
EndProject
Global
	GlobalSection(SolutionConfigurationPlatforms) = preSolution
		Debug|Any CPU = Debug|Any CPU
		Release|Any CPU = Release|Any CPU
	EndGlobalSection
	GlobalSection(ProjectConfigurationPlatforms) = postSolution
		{EA91FE6A-56C4-4625-9F04-91491BF6E4C3}.Debug|Any CPU.ActiveCfg = Debug|Any CPU
		{EA91FE6A-56C4-4625-9F04-91491BF6E4C3}.Debug|Any CPU.Build.0 = Debug|Any CPU
		{EA91FE6A-56C4-4625-9F04-91491BF6E4C3}.Release|Any CPU.ActiveCfg = Release|Any CPU
		{EA91FE6A-56C4-4625-9F04-91491BF6E4C3}.Release|Any CPU.Build.0 = Release|Any CPU
		{1B08C557-D053-473A-9676-9B72114DFEA3}.Debug|Any CPU.ActiveCfg = Debug|Any CPU
		{1B08C557-D053-473A-9676-9B72114DFEA3}.Debug|Any CPU.Build.0 = Debug|Any CPU
		{1B08C557-D053-473A-9676-9B72114DFEA3}.Release|Any CPU.ActiveCfg = Release|Any CPU
		{1B08C557-D053-473A-9676-9B72114DFEA3}.Release|Any CPU.Build.0 = Release|Any CPU
	EndGlobalSection
	GlobalSection(SolutionProperties) = preSolution
		HideSolutionNode = FALSE
	EndGlobalSection
EndGlobal
